
Microsoft Visual Studio Solution File, Format Version 12.00
# Visual Studio Version 16
VisualStudioVersion = 16.0.30308.16
MinimumVisualStudioVersion = 10.0.40219.1
Project("{2150E333-8FDC-42A3-9474-1A3956D46DE8}") = "Api", "Api", "{DC589797-3B76-46D4-8872-A90F72E8923E}"
EndProject
Project("{2150E333-8FDC-42A3-9474-1A3956D46DE8}") = "Client", "Client", "{2886D8CC-0198-4B73-96C0-D78DA168910C}"
EndProject
Project("{2150E333-8FDC-42A3-9474-1A3956D46DE8}") = "Shared", "Shared", "{B1536D5E-487F-49EA-9447-FF38B35BA3CD}"
EndProject
Project("{9A19103F-16F7-4668-BE54-9A1E7A4F7556}") = "Soccer.Shared", "Shared\Soccer.Shared.csproj", "{526BCF88-6EAC-41D3-ABD1-157AAC519A58}"
EndProject
Project("{9A19103F-16F7-4668-BE54-9A1E7A4F7556}") = "Soccer.Server", "Api\Soccer.Server.csproj", "{B2E4577B-8B40-45BC-BCDA-4F5D7A0633AD}"
EndProject
Project("{9A19103F-16F7-4668-BE54-9A1E7A4F7556}") = "Soccer.Client", "Client\Soccer.Client.csproj", "{D57A743A-9717-43CD-B0A6-C5DE6B72739E}"
EndProject
Global
	GlobalSection(SolutionConfigurationPlatforms) = preSolution
		Debug|Any CPU = Debug|Any CPU
		Release|Any CPU = Release|Any CPU
	EndGlobalSection
	GlobalSection(ProjectConfigurationPlatforms) = postSolution
		{526BCF88-6EAC-41D3-ABD1-157AAC519A58}.Debug|Any CPU.ActiveCfg = Debug|Any CPU
		{526BCF88-6EAC-41D3-ABD1-157AAC519A58}.Debug|Any CPU.Build.0 = Debug|Any CPU
		{526BCF88-6EAC-41D3-ABD1-157AAC519A58}.Release|Any CPU.ActiveCfg = Release|Any CPU
		{526BCF88-6EAC-41D3-ABD1-157AAC519A58}.Release|Any CPU.Build.0 = Release|Any CPU
		{B2E4577B-8B40-45BC-BCDA-4F5D7A0633AD}.Debug|Any CPU.ActiveCfg = Debug|Any CPU
		{B2E4577B-8B40-45BC-BCDA-4F5D7A0633AD}.Debug|Any CPU.Build.0 = Debug|Any CPU
		{B2E4577B-8B40-45BC-BCDA-4F5D7A0633AD}.Release|Any CPU.ActiveCfg = Release|Any CPU
		{B2E4577B-8B40-45BC-BCDA-4F5D7A0633AD}.Release|Any CPU.Build.0 = Release|Any CPU
		{D57A743A-9717-43CD-B0A6-C5DE6B72739E}.Debug|Any CPU.ActiveCfg = Debug|Any CPU
		{D57A743A-9717-43CD-B0A6-C5DE6B72739E}.Debug|Any CPU.Build.0 = Debug|Any CPU
		{D57A743A-9717-43CD-B0A6-C5DE6B72739E}.Release|Any CPU.ActiveCfg = Release|Any CPU
		{D57A743A-9717-43CD-B0A6-C5DE6B72739E}.Release|Any CPU.Build.0 = Release|Any CPU
	EndGlobalSection
	GlobalSection(SolutionProperties) = preSolution
		HideSolutionNode = FALSE
	EndGlobalSection
	GlobalSection(NestedProjects) = preSolution
		{526BCF88-6EAC-41D3-ABD1-157AAC519A58} = {B1536D5E-487F-49EA-9447-FF38B35BA3CD}
		{B2E4577B-8B40-45BC-BCDA-4F5D7A0633AD} = {DC589797-3B76-46D4-8872-A90F72E8923E}
		{D57A743A-9717-43CD-B0A6-C5DE6B72739E} = {2886D8CC-0198-4B73-96C0-D78DA168910C}
	EndGlobalSection
	GlobalSection(ExtensibilityGlobals) = postSolution
		SolutionGuid = {F29999CD-3C9D-4894-8F10-4372E1347DF7}
	EndGlobalSection
EndGlobal
